{
  "name": "Front-end",
  "lockfileVersion": 3,
  "requires": true,
  "packages": {
    "": {
      "dependencies": {
        "@fullcalendar/daygrid": "^6.1.15",
        "@fullcalendar/react": "^6.1.15",
        "@fullcalendar/timegrid": "^6.1.15"
      }
    },
    "node_modules/@fullcalendar/daygrid": {
      "version": "6.1.15",
      "resolved": "https://registry.npmjs.org/@fullcalendar/daygrid/-/daygrid-6.1.15.tgz",
      "integrity": "sha512-j8tL0HhfiVsdtOCLfzK2J0RtSkiad3BYYemwQKq512cx6btz6ZZ2RNc/hVnIxluuWFyvx5sXZwoeTJsFSFTEFA==",
      "peerDependencies": {
        "@fullcalendar/core": "~6.1.15"
      }
    },
    "node_modules/@fullcalendar/react": {
      "version": "6.1.15",
      "resolved": "https://registry.npmjs.org/@fullcalendar/react/-/react-6.1.15.tgz",
      "integrity": "sha512-L0b9hybS2J4e7lq6G2CD4nqriyLEqOH1tE8iI6JQjAMTVh5JicOo5Mqw+fhU5bJ7hLfMw2K3fksxX3Ul1ssw5w==",
      "peerDependencies": {
        "@fullcalendar/core": "~6.1.15",
        "react": "^16.7.0 || ^17 || ^18 || ^19",
        "react-dom": "^16.7.0 || ^17 || ^18 || ^19"
      }
    },
    "node_modules/@fullcalendar/timegrid": {
      "version": "6.1.15",
      "resolved": "https://registry.npmjs.org/@fullcalendar/timegrid/-/timegrid-6.1.15.tgz",
      "integrity": "sha512-61ORr3A148RtxQ2FNG7JKvacyA/TEVZ7z6I+3E9Oeu3dqTf6M928bFcpehRTIK6zIA6Yifs7BeWHgOE9dFnpbw==",
      "dependencies": {
        "@fullcalendar/daygrid": "~6.1.15"
      },
      "peerDependencies": {
        "@fullcalendar/core": "~6.1.15"
      }
    }
  }
}
